
Microsoft Visual Studio Solution File, Format Version 12.00
# Visual Studio Version 16
VisualStudioVersion = 16.0.31605.320
MinimumVisualStudioVersion = 10.0.40219.1
Project("{9A19103F-16F7-4668-BE54-9A1E7A4F7556}") = "ShopBridgeApi", "ShopBridgeApi.csproj", "{10959A1D-A5BC-4B13-A10B-949B06C82237}"
EndProject
Project("{FAE04EC0-301F-11D3-BF4B-00C04F79EFBC}") = "TestProject1", "..\TestProject1\TestProject1.csproj", "{696A3B7C-11B1-4771-BDE7-483F65F95F85}"
EndProject
Global
	GlobalSection(SolutionConfigurationPlatforms) = preSolution
		Debug|Any CPU = Debug|Any CPU
		Release|Any CPU = Release|Any CPU
	EndGlobalSection
	GlobalSection(ProjectConfigurationPlatforms) = postSolution
		{10959A1D-A5BC-4B13-A10B-949B06C82237}.Debug|Any CPU.ActiveCfg = Debug|Any CPU
		{10959A1D-A5BC-4B13-A10B-949B06C82237}.Debug|Any CPU.Build.0 = Debug|Any CPU
		{10959A1D-A5BC-4B13-A10B-949B06C82237}.Release|Any CPU.ActiveCfg = Release|Any CPU
		{10959A1D-A5BC-4B13-A10B-949B06C82237}.Release|Any CPU.Build.0 = Release|Any CPU
		{696A3B7C-11B1-4771-BDE7-483F65F95F85}.Debug|Any CPU.ActiveCfg = Debug|Any CPU
		{696A3B7C-11B1-4771-BDE7-483F65F95F85}.Debug|Any CPU.Build.0 = Debug|Any CPU
		{696A3B7C-11B1-4771-BDE7-483F65F95F85}.Release|Any CPU.ActiveCfg = Release|Any CPU
		{696A3B7C-11B1-4771-BDE7-483F65F95F85}.Release|Any CPU.Build.0 = Release|Any CPU
	EndGlobalSection
	GlobalSection(SolutionProperties) = preSolution
		HideSolutionNode = FALSE
	EndGlobalSection
	GlobalSection(ExtensibilityGlobals) = postSolution
		SolutionGuid = {8F17F344-B0AD-457E-BC13-F9C36132515D}
	EndGlobalSection
EndGlobal
